
Microsoft Visual Studio Solution File, Format Version 12.00
# Visual Studio Version 17
VisualStudioVersion = 17.11.35303.130
MinimumVisualStudioVersion = 10.0.40219.1
Project("{FAE04EC0-301F-11D3-BF4B-00C04F79EFBC}") = "loops.c#", "loops.c#\loops.c#.csproj", "{9C08458E-D878-432D-8CE9-71EEDBC503BD}"
EndProject
Global
	GlobalSection(SolutionConfigurationPlatforms) = preSolution
		Debug|Any CPU = Debug|Any CPU
		Release|Any CPU = Release|Any CPU
	EndGlobalSection
	GlobalSection(ProjectConfigurationPlatforms) = postSolution
		{9C08458E-D878-432D-8CE9-71EEDBC503BD}.Debug|Any CPU.ActiveCfg = Debug|Any CPU
		{9C08458E-D878-432D-8CE9-71EEDBC503BD}.Debug|Any CPU.Build.0 = Debug|Any CPU
		{9C08458E-D878-432D-8CE9-71EEDBC503BD}.Release|Any CPU.ActiveCfg = Release|Any CPU
		{9C08458E-D878-432D-8CE9-71EEDBC503BD}.Release|Any CPU.Build.0 = Release|Any CPU
	EndGlobalSection
	GlobalSection(SolutionProperties) = preSolution
		HideSolutionNode = FALSE
	EndGlobalSection
	GlobalSection(ExtensibilityGlobals) = postSolution
		SolutionGuid = {1424A49F-22BA-447E-B6B2-34F133A60D2E}
	EndGlobalSection
EndGlobal
